
Microsoft Visual Studio Solution File, Format Version 12.00
# Visual Studio Version 17
VisualStudioVersion = 17.9.34723.18
MinimumVisualStudioVersion = 10.0.40219.1
Project("{9A19103F-16F7-4668-BE54-9A1E7A4F7556}") = "WebApplication3", "WebApplication3\WebApplication3.csproj", "{F77683FB-B391-48DB-A59E-726FC45FBF0F}"
EndProject
Project("{9A19103F-16F7-4668-BE54-9A1E7A4F7556}") = "DataA", "DataA\DataA.csproj", "{80BAE5FF-8352-47E0-9E3E-EC4F46F5FE8B}"
EndProject
Project("{9A19103F-16F7-4668-BE54-9A1E7A4F7556}") = "AdminPanelInterface", "AdminPanelInterface\AdminPanelInterface.csproj", "{888D12F3-1044-4958-9A7B-153FAB876F09}"
EndProject
Global
	GlobalSection(SolutionConfigurationPlatforms) = preSolution
		Debug|Any CPU = Debug|Any CPU
		Release|Any CPU = Release|Any CPU
	EndGlobalSection
	GlobalSection(ProjectConfigurationPlatforms) = postSolution
		{F77683FB-B391-48DB-A59E-726FC45FBF0F}.Debug|Any CPU.ActiveCfg = Debug|Any CPU
		{F77683FB-B391-48DB-A59E-726FC45FBF0F}.Debug|Any CPU.Build.0 = Debug|Any CPU
		{F77683FB-B391-48DB-A59E-726FC45FBF0F}.Release|Any CPU.ActiveCfg = Release|Any CPU
		{F77683FB-B391-48DB-A59E-726FC45FBF0F}.Release|Any CPU.Build.0 = Release|Any CPU
		{80BAE5FF-8352-47E0-9E3E-EC4F46F5FE8B}.Debug|Any CPU.ActiveCfg = Debug|Any CPU
		{80BAE5FF-8352-47E0-9E3E-EC4F46F5FE8B}.Debug|Any CPU.Build.0 = Debug|Any CPU
		{80BAE5FF-8352-47E0-9E3E-EC4F46F5FE8B}.Release|Any CPU.ActiveCfg = Release|Any CPU
		{80BAE5FF-8352-47E0-9E3E-EC4F46F5FE8B}.Release|Any CPU.Build.0 = Release|Any CPU
		{888D12F3-1044-4958-9A7B-153FAB876F09}.Debug|Any CPU.ActiveCfg = Debug|Any CPU
		{888D12F3-1044-4958-9A7B-153FAB876F09}.Debug|Any CPU.Build.0 = Debug|Any CPU
		{888D12F3-1044-4958-9A7B-153FAB876F09}.Release|Any CPU.ActiveCfg = Release|Any CPU
		{888D12F3-1044-4958-9A7B-153FAB876F09}.Release|Any CPU.Build.0 = Release|Any CPU
	EndGlobalSection
	GlobalSection(SolutionProperties) = preSolution
		HideSolutionNode = FALSE
	EndGlobalSection
	GlobalSection(ExtensibilityGlobals) = postSolution
		SolutionGuid = {E2B6F28A-7BAA-4DD2-864B-CBE51734DC91}
	EndGlobalSection
EndGlobal
